// !$*UTF8*$!
{
	archiveVersion = 1;
	classes = {
	};
	objectVersion = 77;
	objects = {

/* Begin PBXBuildFile section */
		540A8893C28E1F0BB4131CE7 /* CGSPrivate.swift in Sources */ = {isa = PBXBuildFile; fileRef = C88E68E94DBD2D40FBC08842 /* CGSPrivate.swift */; };
		697E4EEDC63BA224641DDF44 /* Space.swift in Sources */ = {isa = PBXBuildFile; fileRef = 9AFE35BAA58F8C08DCCB214E /* Space.swift */; };
		803ABFD4CDC8149BB0C1195C /* StatusBarController.swift in Sources */ = {isa = PBXBuildFile; fileRef = CC992E012BCA79C1383F81F5 /* StatusBarController.swift */; };
		9A62373F805AE073DC1016B3 /* SpaceNamesStore.swift in Sources */ = {isa = PBXBuildFile; fileRef = DB20DCC032BE85E07D4CBE48 /* SpaceNamesStore.swift */; };
		9EBE0FA99C9FE3F71A5D8CB3 /* SpaceManager.swift in Sources */ = {isa = PBXBuildFile; fileRef = 6D074DF609BF7AD3F919CDC5 /* SpaceManager.swift */; };
		AB02D39BA4FBE13CC10F7A48 /* SpaceListView.swift in Sources */ = {isa = PBXBuildFile; fileRef = F206EB3F68AA0B4C595E73BC /* SpaceListView.swift */; };
		CA84909E7B833AA2944CB482 /* AppDelegate.swift in Sources */ = {isa = PBXBuildFile; fileRef = 8F6F3047197D0881DC7BA2BF /* AppDelegate.swift */; };
		D08F689F3C14905706A9FDEC /* SpaceRenamerApp.swift in Sources */ = {isa = PBXBuildFile; fileRef = 2756C6340E6376B0B9CE6789 /* SpaceRenamerApp.swift */; };
		E155AD597D7D1C3D089203BC /* SettingsView.swift in Sources */ = {isa = PBXBuildFile; fileRef = D5C46C7628856F7C3243A01E /* SettingsView.swift */; };
		F211964852175E0F82EDB0BB /* SpaceRowView.swift in Sources */ = {isa = PBXBuildFile; fileRef = AF3A3FEAAD3FE591C27EA5BC /* SpaceRowView.swift */; };
/* End PBXBuildFile section */

/* Begin PBXFileReference section */
		2756C6340E6376B0B9CE6789 /* SpaceRenamerApp.swift */ = {isa = PBXFileReference; lastKnownFileType = sourcecode.swift; path = SpaceRenamerApp.swift; sourceTree = "<group>"; };
		601023E739E351B22DA7C37B /* SpaceRenamer.app */ = {isa = PBXFileReference; explicitFileType = wrapper.application; includeInIndex = 0; path = SpaceRenamer.app; sourceTree = BUILT_PRODUCTS_DIR; };
		6D074DF609BF7AD3F919CDC5 /* SpaceManager.swift */ = {isa = PBXFileReference; lastKnownFileType = sourcecode.swift; path = SpaceManager.swift; sourceTree = "<group>"; };
		8F6F3047197D0881DC7BA2BF /* AppDelegate.swift */ = {isa = PBXFileReference; lastKnownFileType = sourcecode.swift; path = AppDelegate.swift; sourceTree = "<group>"; };
		9AFE35BAA58F8C08DCCB214E /* Space.swift */ = {isa = PBXFileReference; lastKnownFileType = sourcecode.swift; path = Space.swift; sourceTree = "<group>"; };
		AF3A3FEAAD3FE591C27EA5BC /* SpaceRowView.swift */ = {isa = PBXFileReference; lastKnownFileType = sourcecode.swift; path = SpaceRowView.swift; sourceTree = "<group>"; };
		C88E68E94DBD2D40FBC08842 /* CGSPrivate.swift */ = {isa = PBXFileReference; lastKnownFileType = sourcecode.swift; path = CGSPrivate.swift; sourceTree = "<group>"; };
		CC992E012BCA79C1383F81F5 /* StatusBarController.swift */ = {isa = PBXFileReference; lastKnownFileType = sourcecode.swift; path = StatusBarController.swift; sourceTree = "<group>"; };
		D5C46C7628856F7C3243A01E /* SettingsView.swift */ = {isa = PBXFileReference; lastKnownFileType = sourcecode.swift; path = SettingsView.swift; sourceTree = "<group>"; };
		DB20DCC032BE85E07D4CBE48 /* SpaceNamesStore.swift */ = {isa = PBXFileReference; lastKnownFileType = sourcecode.swift; path = SpaceNamesStore.swift; sourceTree = "<group>"; };
		F206EB3F68AA0B4C595E73BC /* SpaceListView.swift */ = {isa = PBXFileReference; lastKnownFileType = sourcecode.swift; path = SpaceListView.swift; sourceTree = "<group>"; };
/* End PBXFileReference section */

/* Begin PBXGroup section */
		23E35996D76DD804636BC35F /* Products */ = {
			isa = PBXGroup;
			children = (
				601023E739E351B22DA7C37B /* SpaceRenamer.app */,
			);
			name = Products;
			sourceTree = "<group>";
		};
		45DC7EF16FECE3EE0D8510C1 /* UI */ = {
			isa = PBXGroup;
			children = (
				D5C46C7628856F7C3243A01E /* SettingsView.swift */,
				F206EB3F68AA0B4C595E73BC /* SpaceListView.swift */,
				AF3A3FEAAD3FE591C27EA5BC /* SpaceRowView.swift */,
				CC992E012BCA79C1383F81F5 /* StatusBarController.swift */,
			);
			path = UI;
			sourceTree = "<group>";
		};
		5FFD12380A89EE4B073E1D7B /* Core */ = {
			isa = PBXGroup;
			children = (
				C88E68E94DBD2D40FBC08842 /* CGSPrivate.swift */,
				6D074DF609BF7AD3F919CDC5 /* SpaceManager.swift */,
				DB20DCC032BE85E07D4CBE48 /* SpaceNamesStore.swift */,
			);
			path = Core;
			sourceTree = "<group>";
		};
		63F7BAEA8CA371A0F276521D /* Models */ = {
			isa = PBXGroup;
			children = (
				9AFE35BAA58F8C08DCCB214E /* Space.swift */,
			);
			path = Models;
			sourceTree = "<group>";
		};
		71DFF0AE8A09D7F12BD995AF = {
			isa = PBXGroup;
			children = (
				F47459AFEA8B3A7301C2FDFD /* SpaceRenamer */,
				23E35996D76DD804636BC35F /* Products */,
			);
			sourceTree = "<group>";
		};
		C3B50D8579481D7A51CD753B /* App */ = {
			isa = PBXGroup;
			children = (
				8F6F3047197D0881DC7BA2BF /* AppDelegate.swift */,
				2756C6340E6376B0B9CE6789 /* SpaceRenamerApp.swift */,
			);
			path = App;
			sourceTree = "<group>";
		};
		F47459AFEA8B3A7301C2FDFD /* SpaceRenamer */ = {
			isa = PBXGroup;
			children = (
				C3B50D8579481D7A51CD753B /* App */,
				5FFD12380A89EE4B073E1D7B /* Core */,
				63F7BAEA8CA371A0F276521D /* Models */,
				45DC7EF16FECE3EE0D8510C1 /* UI */,
			);
			path = SpaceRenamer;
			sourceTree = "<group>";
		};
/* End PBXGroup section */

/* Begin PBXNativeTarget section */
		21CF5060902E4683B30DED00 /* SpaceRenamer */ = {
			isa = PBXNativeTarget;
			buildConfigurationList = F005D36137DDC96A542FFB65 /* Build configuration list for PBXNativeTarget "SpaceRenamer" */;
			buildPhases = (
				648FB2120991170FA57847FF /* Sources */,
			);
			buildRules = (
			);
			dependencies = (
			);
			name = SpaceRenamer;
			packageProductDependencies = (
			);
			productName = SpaceRenamer;
			productReference = 601023E739E351B22DA7C37B /* SpaceRenamer.app */;
			productType = "com.apple.product-type.application";
		};
/* End PBXNativeTarget section */

/* Begin PBXProject section */
		D2B5D2DAB683DD24C3B15B38 /* Project object */ = {
			isa = PBXProject;
			attributes = {
				BuildIndependentTargetsInParallel = YES;
				LastUpgradeCheck = 1430;
				TargetAttributes = {
					21CF5060902E4683B30DED00 = {
						DevelopmentTeam = "";
						ProvisioningStyle = Automatic;
					};
				};
			};
			buildConfigurationList = 48BA36F97151A4039111F084 /* Build configuration list for PBXProject "SpaceRenamer" */;
			developmentRegion = en;
			hasScannedForEncodings = 0;
			knownRegions = (
				Base,
				en,
			);
			mainGroup = 71DFF0AE8A09D7F12BD995AF;
			minimizedProjectReferenceProxies = 1;
			preferredProjectObjectVersion = 77;
			productRefGroup = 23E35996D76DD804636BC35F /* Products */;
			projectDirPath = "";
			projectRoot = "";
			targets = (
				21CF5060902E4683B30DED00 /* SpaceRenamer */,
			);
		};
/* End PBXProject section */

/* Begin PBXSourcesBuildPhase section */
		648FB2120991170FA57847FF /* Sources */ = {
			isa = PBXSourcesBuildPhase;
			buildActionMask = 2147483647;
			files = (
				CA84909E7B833AA2944CB482 /* AppDelegate.swift in Sources */,
				540A8893C28E1F0BB4131CE7 /* CGSPrivate.swift in Sources */,
				E155AD597D7D1C3D089203BC /* SettingsView.swift in Sources */,
				697E4EEDC63BA224641DDF44 /* Space.swift in Sources */,
				AB02D39BA4FBE13CC10F7A48 /* SpaceListView.swift in Sources */,
				9EBE0FA99C9FE3F71A5D8CB3 /* SpaceManager.swift in Sources */,
				9A62373F805AE073DC1016B3 /* SpaceNamesStore.swift in Sources */,
				D08F689F3C14905706A9FDEC /* SpaceRenamerApp.swift in Sources */,
				F211964852175E0F82EDB0BB /* SpaceRowView.swift in Sources */,
				803ABFD4CDC8149BB0C1195C /* StatusBarController.swift in Sources */,
			);
			runOnlyForDeploymentPostprocessing = 0;
		};
/* End PBXSourcesBuildPhase section */

/* Begin XCBuildConfiguration section */
		50ED62CD33D2D8F5289A2E80 /* Release */ = {
			isa = XCBuildConfiguration;
			buildSettings = {
				ASSETCATALOG_COMPILER_APPICON_NAME = AppIcon;
				CODE_SIGN_ENTITLEMENTS = SpaceRenamer/SpaceRenamer.entitlements;
				COMBINE_HIDPI_IMAGES = YES;
				INFOPLIST_FILE = SpaceRenamer/Info.plist;
				LD_RUNPATH_SEARCH_PATHS = (
					"$(inherited)",
					"@executable_path/../Frameworks",
				);
				MACOSX_DEPLOYMENT_TARGET = 13.0;
				PRODUCT_BUNDLE_IDENTIFIER = com.ivanhofer.SpaceRenamer;
				SDKROOT = macosx;
			};
			name = Release;
		};
		75CA9A65CA2D41455B00AB90 /* Debug */ = {
			isa = XCBuildConfiguration;
			buildSettings = {
				ALWAYS_SEARCH_USER_PATHS = NO;
				CLANG_ANALYZER_NONNULL = YES;
				CLANG_ANALYZER_NUMBER_OBJECT_CONVERSION = YES_AGGRESSIVE;
				CLANG_CXX_LANGUAGE_STANDARD = "gnu++14";
				CLANG_CXX_LIBRARY = "libc++";
				CLANG_ENABLE_MODULES = YES;
				CLANG_ENABLE_OBJC_ARC = YES;
				CLANG_ENABLE_OBJC_WEAK = YES;
				CLANG_WARN_BLOCK_CAPTURE_AUTORELEASING = YES;
				CLANG_WARN_BOOL_CONVERSION = YES;
				CLANG_WARN_COMMA = YES;
				CLANG_WARN_CONSTANT_CONVERSION = YES;
				CLANG_WARN_DEPRECATED_OBJC_IMPLEMENTATIONS = YES;
				CLANG_WARN_DIRECT_OBJC_ISA_USAGE = YES_ERROR;
				CLANG_WARN_DOCUMENTATION_COMMENTS = YES;
				CLANG_WARN_EMPTY_BODY = YES;
				CLANG_WARN_ENUM_CONVERSION = YES;
				CLANG_WARN_INFINITE_RECURSION = YES;
				CLANG_WARN_INT_CONVERSION = YES;
				CLANG_WARN_NON_LITERAL_NULL_CONVERSION = YES;
				CLANG_WARN_OBJC_IMPLICIT_RETAIN_SELF = YES;
				CLANG_WARN_OBJC_LITERAL_CONVERSION = YES;
				CLANG_WARN_OBJC_ROOT_CLASS = YES_ERROR;
				CLANG_WARN_QUOTED_INCLUDE_IN_FRAMEWORK_HEADER = YES;
				CLANG_WARN_RANGE_LOOP_ANALYSIS = YES;
				CLANG_WARN_STRICT_PROTOTYPES = YES;
				CLANG_WARN_SUSPICIOUS_MOVE = YES;
				CLANG_WARN_UNGUARDED_AVAILABILITY = YES_AGGRESSIVE;
				CLANG_WARN_UNREACHABLE_CODE = YES;
				CLANG_WARN__DUPLICATE_METHOD_MATCH = YES;
				CODE_SIGN_STYLE = Automatic;
				COPY_PHASE_STRIP = NO;
				DEBUG_INFORMATION_FORMAT = dwarf;
				DEVELOPMENT_TEAM = "";
				ENABLE_STRICT_OBJC_MSGSEND = YES;
				ENABLE_TESTABILITY = YES;
				GCC_C_LANGUAGE_STANDARD = gnu11;
				GCC_DYNAMIC_NO_PIC = NO;
				GCC_NO_COMMON_BLOCKS = YES;
				GCC_OPTIMIZATION_LEVEL = 0;
				GCC_PREPROCESSOR_DEFINITIONS = (
					"$(inherited)",
					"DEBUG=1",
				);
				GCC_WARN_64_TO_32_BIT_CONVERSION = YES;
				GCC_WARN_ABOUT_RETURN_TYPE = YES_ERROR;
				GCC_WARN_UNDECLARED_SELECTOR = YES;
				GCC_WARN_UNINITIALIZED_AUTOS = YES_AGGRESSIVE;
				GCC_WARN_UNUSED_FUNCTION = YES;
				GCC_WARN_UNUSED_VARIABLE = YES;
				MACOSX_DEPLOYMENT_TARGET = 13.0;
				MTL_ENABLE_DEBUG_INFO = INCLUDE_SOURCE;
				MTL_FAST_MATH = YES;
				ONLY_ACTIVE_ARCH = YES;
				PRODUCT_BUNDLE_IDENTIFIER = com.ivanhofer.SpaceRenamer;
				PRODUCT_NAME = "$(TARGET_NAME)";
				SDKROOT = macosx;
				SWIFT_ACTIVE_COMPILATION_CONDITIONS = DEBUG;
				SWIFT_OPTIMIZATION_LEVEL = "-Onone";
				SWIFT_VERSION = 5.9;
			};
			name = Debug;
		};
		E2C9FC644FBCA047A45D59F6 /* Release */ = {
			isa = XCBuildConfiguration;
			buildSettings = {
				ALWAYS_SEARCH_USER_PATHS = NO;
				CLANG_ANALYZER_NONNULL = YES;
				CLANG_ANALYZER_NUMBER_OBJECT_CONVERSION = YES_AGGRESSIVE;
				CLANG_CXX_LANGUAGE_STANDARD = "gnu++14";
				CLANG_CXX_LIBRARY = "libc++";
				CLANG_ENABLE_MODULES = YES;
				CLANG_ENABLE_OBJC_ARC = YES;
				CLANG_ENABLE_OBJC_WEAK = YES;
				CLANG_WARN_BLOCK_CAPTURE_AUTORELEASING = YES;
				CLANG_WARN_BOOL_CONVERSION = YES;
				CLANG_WARN_COMMA = YES;
				CLANG_WARN_CONSTANT_CONVERSION = YES;
				CLANG_WARN_DEPRECATED_OBJC_IMPLEMENTATIONS = YES;
				CLANG_WARN_DIRECT_OBJC_ISA_USAGE = YES_ERROR;
				CLANG_WARN_DOCUMENTATION_COMMENTS = YES;
				CLANG_WARN_EMPTY_BODY = YES;
				CLANG_WARN_ENUM_CONVERSION = YES;
				CLANG_WARN_INFINITE_RECURSION = YES;
				CLANG_WARN_INT_CONVERSION = YES;
				CLANG_WARN_NON_LITERAL_NULL_CONVERSION = YES;
				CLANG_WARN_OBJC_IMPLICIT_RETAIN_SELF = YES;
				CLANG_WARN_OBJC_LITERAL_CONVERSION = YES;
				CLANG_WARN_OBJC_ROOT_CLASS = YES_ERROR;
				CLANG_WARN_QUOTED_INCLUDE_IN_FRAMEWORK_HEADER = YES;
				CLANG_WARN_RANGE_LOOP_ANALYSIS = YES;
				CLANG_WARN_STRICT_PROTOTYPES = YES;
				CLANG_WARN_SUSPICIOUS_MOVE = YES;
				CLANG_WARN_UNGUARDED_AVAILABILITY = YES_AGGRESSIVE;
				CLANG_WARN_UNREACHABLE_CODE = YES;
				CLANG_WARN__DUPLICATE_METHOD_MATCH = YES;
				CODE_SIGN_STYLE = Automatic;
				COPY_PHASE_STRIP = NO;
				DEBUG_INFORMATION_FORMAT = "dwarf-with-dsym";
				DEVELOPMENT_TEAM = "";
				ENABLE_NS_ASSERTIONS = NO;
				ENABLE_STRICT_OBJC_MSGSEND = YES;
				GCC_C_LANGUAGE_STANDARD = gnu11;
				GCC_NO_COMMON_BLOCKS = YES;
				GCC_WARN_64_TO_32_BIT_CONVERSION = YES;
				GCC_WARN_ABOUT_RETURN_TYPE = YES_ERROR;
				GCC_WARN_UNDECLARED_SELECTOR = YES;
				GCC_WARN_UNINITIALIZED_AUTOS = YES_AGGRESSIVE;
				GCC_WARN_UNUSED_FUNCTION = YES;
				GCC_WARN_UNUSED_VARIABLE = YES;
				MACOSX_DEPLOYMENT_TARGET = 13.0;
				MTL_ENABLE_DEBUG_INFO = NO;
				MTL_FAST_MATH = YES;
				PRODUCT_BUNDLE_IDENTIFIER = com.ivanhofer.SpaceRenamer;
				PRODUCT_NAME = "$(TARGET_NAME)";
				SDKROOT = macosx;
				SWIFT_COMPILATION_MODE = wholemodule;
				SWIFT_OPTIMIZATION_LEVEL = "-O";
				SWIFT_VERSION = 5.9;
			};
			name = Release;
		};
		E85C8A58D5FF54A466090DD2 /* Debug */ = {
			isa = XCBuildConfiguration;
			buildSettings = {
				ASSETCATALOG_COMPILER_APPICON_NAME = AppIcon;
				CODE_SIGN_ENTITLEMENTS = SpaceRenamer/SpaceRenamer.entitlements;
				COMBINE_HIDPI_IMAGES = YES;
				INFOPLIST_FILE = SpaceRenamer/Info.plist;
				LD_RUNPATH_SEARCH_PATHS = (
					"$(inherited)",
					"@executable_path/../Frameworks",
				);
				MACOSX_DEPLOYMENT_TARGET = 13.0;
				PRODUCT_BUNDLE_IDENTIFIER = com.ivanhofer.SpaceRenamer;
				SDKROOT = macosx;
			};
			name = Debug;
		};
/* End XCBuildConfiguration section */

/* Begin XCConfigurationList section */
		48BA36F97151A4039111F084 /* Build configuration list for PBXProject "SpaceRenamer" */ = {
			isa = XCConfigurationList;
			buildConfigurations = (
				75CA9A65CA2D41455B00AB90 /* Debug */,
				E2C9FC644FBCA047A45D59F6 /* Release */,
			);
			defaultConfigurationIsVisible = 0;
			defaultConfigurationName = Debug;
		};
		F005D36137DDC96A542FFB65 /* Build configuration list for PBXNativeTarget "SpaceRenamer" */ = {
			isa = XCConfigurationList;
			buildConfigurations = (
				E85C8A58D5FF54A466090DD2 /* Debug */,
				50ED62CD33D2D8F5289A2E80 /* Release */,
			);
			defaultConfigurationIsVisible = 0;
			defaultConfigurationName = Debug;
		};
/* End XCConfigurationList section */
	};
	rootObject = D2B5D2DAB683DD24C3B15B38 /* Project object */;
}
